
Microsoft Visual Studio Solution File, Format Version 12.00
# Visual Studio Version 17
VisualStudioVersion = 17.6.33723.286
MinimumVisualStudioVersion = 10.0.40219.1
Project("{FAE04EC0-301F-11D3-BF4B-00C04F79EFBC}") = "RaftakiFilmlerV7", "RaftakiFilmlerV7.csproj", "{9801103B-8CC3-4D1D-8968-838A3BF4B25E}"
EndProject
Project("{FAE04EC0-301F-11D3-BF4B-00C04F79EFBC}") = "ServicesV7", "..\ServicesV7\ServicesV7.csproj", "{935665B3-EDEB-4DCD-9947-62BD29140893}"
EndProject
Global
	GlobalSection(SolutionConfigurationPlatforms) = preSolution
		Debug|Any CPU = Debug|Any CPU
		Release|Any CPU = Release|Any CPU
	EndGlobalSection
	GlobalSection(ProjectConfigurationPlatforms) = postSolution
		{9801103B-8CC3-4D1D-8968-838A3BF4B25E}.Debug|Any CPU.ActiveCfg = Debug|Any CPU
		{9801103B-8CC3-4D1D-8968-838A3BF4B25E}.Debug|Any CPU.Build.0 = Debug|Any CPU
		{9801103B-8CC3-4D1D-8968-838A3BF4B25E}.Release|Any CPU.ActiveCfg = Release|Any CPU
		{9801103B-8CC3-4D1D-8968-838A3BF4B25E}.Release|Any CPU.Build.0 = Release|Any CPU
		{935665B3-EDEB-4DCD-9947-62BD29140893}.Debug|Any CPU.ActiveCfg = Debug|Any CPU
		{935665B3-EDEB-4DCD-9947-62BD29140893}.Debug|Any CPU.Build.0 = Debug|Any CPU
		{935665B3-EDEB-4DCD-9947-62BD29140893}.Release|Any CPU.ActiveCfg = Release|Any CPU
		{935665B3-EDEB-4DCD-9947-62BD29140893}.Release|Any CPU.Build.0 = Release|Any CPU
	EndGlobalSection
	GlobalSection(SolutionProperties) = preSolution
		HideSolutionNode = FALSE
	EndGlobalSection
	GlobalSection(ExtensibilityGlobals) = postSolution
		SolutionGuid = {217446BB-C23C-4575-84EE-A3F04204E637}
	EndGlobalSection
EndGlobal
